
Microsoft Visual Studio Solution File, Format Version 12.00
# Visual Studio Version 16
VisualStudioVersion = 16.0.31729.503
MinimumVisualStudioVersion = 10.0.40219.1
Project("{8BC9CEB8-8B4A-11D0-8D11-00A0C91BC942}") = "SpiderGame", "SpiderGame.vcxproj", "{ECE90553-9BE7-4B92-A303-0231B545EA28}"
EndProject
Global
	GlobalSection(SolutionConfigurationPlatforms) = preSolution
		Debug|x64 = Debug|x64
		Debug|x86 = Debug|x86
		Release|x64 = Release|x64
		Release|x86 = Release|x86
	EndGlobalSection
	GlobalSection(ProjectConfigurationPlatforms) = postSolution
		{ECE90553-9BE7-4B92-A303-0231B545EA28}.Debug|x64.ActiveCfg = Debug|x64
		{ECE90553-9BE7-4B92-A303-0231B545EA28}.Debug|x64.Build.0 = Debug|x64
		{ECE90553-9BE7-4B92-A303-0231B545EA28}.Debug|x86.ActiveCfg = Debug|Win32
		{ECE90553-9BE7-4B92-A303-0231B545EA28}.Debug|x86.Build.0 = Debug|Win32
		{ECE90553-9BE7-4B92-A303-0231B545EA28}.Release|x64.ActiveCfg = Release|x64
		{ECE90553-9BE7-4B92-A303-0231B545EA28}.Release|x64.Build.0 = Release|x64
		{ECE90553-9BE7-4B92-A303-0231B545EA28}.Release|x86.ActiveCfg = Release|Win32
		{ECE90553-9BE7-4B92-A303-0231B545EA28}.Release|x86.Build.0 = Release|Win32
	EndGlobalSection
	GlobalSection(SolutionProperties) = preSolution
		HideSolutionNode = FALSE
	EndGlobalSection
	GlobalSection(ExtensibilityGlobals) = postSolution
		SolutionGuid = {9DC9B088-F06A-47AC-9382-FBC5B251FAD7}
	EndGlobalSection
EndGlobal
